// !$*UTF8*$!
{
	archiveVersion = 1;
	classes = {
	};
	objectVersion = 55;
	objects = {

/* Begin PBXBuildFile section */
		0413F76B28555C1A0042DFA2 /* iconsScreen.swift in Sources */ = {isa = PBXBuildFile; fileRef = 0413F76A28555C1A0042DFA2 /* iconsScreen.swift */; };
		0413F76D285563850042DFA2 /* imageScreen.swift in Sources */ = {isa = PBXBuildFile; fileRef = 0413F76C285563850042DFA2 /* imageScreen.swift */; };
		04143F2F284CDB2600E52124 /* TextScreen.swift in Sources */ = {isa = PBXBuildFile; fileRef = 04143F2E284CDB2600E52124 /* TextScreen.swift */; };
		0415C9612890400000E8A2F6 /* ExtractedSubviewScreen.swift in Sources */ = {isa = PBXBuildFile; fileRef = 0415C9602890400000E8A2F6 /* ExtractedSubviewScreen.swift */; };
		0415C963289044C600E8A2F6 /* BindingPropertyWrapperScreen.swift in Sources */ = {isa = PBXBuildFile; fileRef = 0415C962289044C600E8A2F6 /* BindingPropertyWrapperScreen.swift */; };
		0415C965289125AA00E8A2F6 /* ConditionalStatementsScreen.swift in Sources */ = {isa = PBXBuildFile; fileRef = 0415C964289125AA00E8A2F6 /* ConditionalStatementsScreen.swift */; };
		0415C96728913ADF00E8A2F6 /* TernaryOperatorScreen.swift in Sources */ = {isa = PBXBuildFile; fileRef = 0415C96628913ADF00E8A2F6 /* TernaryOperatorScreen.swift */; };
		0415C969289155F700E8A2F6 /* AnimationScreen.swift in Sources */ = {isa = PBXBuildFile; fileRef = 0415C968289155F700E8A2F6 /* AnimationScreen.swift */; };
		0415C96B28915D1600E8A2F6 /* TransitionScreen.swift in Sources */ = {isa = PBXBuildFile; fileRef = 0415C96A28915D1600E8A2F6 /* TransitionScreen.swift */; };
		041C7C5C284C091000A04897 /* iosappApp.swift in Sources */ = {isa = PBXBuildFile; fileRef = 041C7C5B284C091000A04897 /* iosappApp.swift */; };
		041C7C5E284C091000A04897 /* ContentView.swift in Sources */ = {isa = PBXBuildFile; fileRef = 041C7C5D284C091000A04897 /* ContentView.swift */; };
		041C7C60284C091200A04897 /* Assets.xcassets in Resources */ = {isa = PBXBuildFile; fileRef = 041C7C5F284C091200A04897 /* Assets.xcassets */; };
		041C7C63284C091200A04897 /* Preview Assets.xcassets in Resources */ = {isa = PBXBuildFile; fileRef = 041C7C62284C091200A04897 /* Preview Assets.xcassets */; };
		0431B8BB2867BB1000B15ADF /* lazyVGridScreen.swift in Sources */ = {isa = PBXBuildFile; fileRef = 0431B8BA2867BB1000B15ADF /* lazyVGridScreen.swift */; };
		0431B8BD2867C50700B15ADF /* safeAreaScreen.swift in Sources */ = {isa = PBXBuildFile; fileRef = 0431B8BC2867C50700B15ADF /* safeAreaScreen.swift */; };
		0431B8BF2867DE4800B15ADF /* buttonScreen.swift in Sources */ = {isa = PBXBuildFile; fileRef = 0431B8BE2867DE4800B15ADF /* buttonScreen.swift */; };
		04639E8A287DB8EF009447E9 /* StateScreen.swift in Sources */ = {isa = PBXBuildFile; fileRef = 04639E89287DB8EF009447E9 /* StateScreen.swift */; };
		04639E8C287DBCE6009447E9 /* ExtractedFunctionsScreen.swift in Sources */ = {isa = PBXBuildFile; fileRef = 04639E8B287DBCE6009447E9 /* ExtractedFunctionsScreen.swift */; };
		046DA43A284D399C0012BA05 /* shapesScreen.swift in Sources */ = {isa = PBXBuildFile; fileRef = 046DA439284D399C0012BA05 /* shapesScreen.swift */; };
		046DA43C284D470D0012BA05 /* colorsScreen.swift in Sources */ = {isa = PBXBuildFile; fileRef = 046DA43B284D470D0012BA05 /* colorsScreen.swift */; };
		046DA43E284D6BB80012BA05 /* GradientScreen.swift in Sources */ = {isa = PBXBuildFile; fileRef = 046DA43D284D6BB80012BA05 /* GradientScreen.swift */; };
		046DB9E528574618005F51E6 /* frameScreen.swift in Sources */ = {isa = PBXBuildFile; fileRef = 046DB9E428574618005F51E6 /* frameScreen.swift */; };
		046DB9E728574A16005F51E6 /* backgroundAndOverlayScreen.swift in Sources */ = {isa = PBXBuildFile; fileRef = 046DB9E628574A16005F51E6 /* backgroundAndOverlayScreen.swift */; };
		046DB9E928588779005F51E6 /* stacksScreen.swift in Sources */ = {isa = PBXBuildFile; fileRef = 046DB9E828588779005F51E6 /* stacksScreen.swift */; };
		046DB9EB2859D388005F51E6 /* PaddingScreen.swift in Sources */ = {isa = PBXBuildFile; fileRef = 046DB9EA2859D388005F51E6 /* PaddingScreen.swift */; };
		046DB9ED2859DB16005F51E6 /* SpacerScreen.swift in Sources */ = {isa = PBXBuildFile; fileRef = 046DB9EC2859DB16005F51E6 /* SpacerScreen.swift */; };
		046DB9EF2859E35D005F51E6 /* InitializerScreen.swift in Sources */ = {isa = PBXBuildFile; fileRef = 046DB9EE2859E35D005F51E6 /* InitializerScreen.swift */; };
		04B3C83F2895023200C1D209 /* SheetScreen.swift in Sources */ = {isa = PBXBuildFile; fileRef = 04B3C83E2895023200C1D209 /* SheetScreen.swift */; };
		04B3C84128963D5200C1D209 /* PopoverScreen.swift in Sources */ = {isa = PBXBuildFile; fileRef = 04B3C84028963D5200C1D209 /* PopoverScreen.swift */; };
		04B3C8432896487C00C1D209 /* NavigationScreen.swift in Sources */ = {isa = PBXBuildFile; fileRef = 04B3C8422896487C00C1D209 /* NavigationScreen.swift */; };
		04B3C8452898F18800C1D209 /* ListScreen.swift in Sources */ = {isa = PBXBuildFile; fileRef = 04B3C8442898F18800C1D209 /* ListScreen.swift */; };
		04DF5196286179C20057B313 /* ForEachScreen.swift in Sources */ = {isa = PBXBuildFile; fileRef = 04DF5195286179C10057B313 /* ForEachScreen.swift */; };
		04DF519828617E0C0057B313 /* ScrollViewScreen.swift in Sources */ = {isa = PBXBuildFile; fileRef = 04DF519728617E0C0057B313 /* ScrollViewScreen.swift */; };
/* End PBXBuildFile section */

/* Begin PBXFileReference section */
		0413F76A28555C1A0042DFA2 /* iconsScreen.swift */ = {isa = PBXFileReference; lastKnownFileType = sourcecode.swift; path = iconsScreen.swift; sourceTree = "<group>"; };
		0413F76C285563850042DFA2 /* imageScreen.swift */ = {isa = PBXFileReference; lastKnownFileType = sourcecode.swift; path = imageScreen.swift; sourceTree = "<group>"; };
		04143F2E284CDB2600E52124 /* TextScreen.swift */ = {isa = PBXFileReference; lastKnownFileType = sourcecode.swift; path = TextScreen.swift; sourceTree = "<group>"; };
		0415C9602890400000E8A2F6 /* ExtractedSubviewScreen.swift */ = {isa = PBXFileReference; lastKnownFileType = sourcecode.swift; path = ExtractedSubviewScreen.swift; sourceTree = "<group>"; };
		0415C962289044C600E8A2F6 /* BindingPropertyWrapperScreen.swift */ = {isa = PBXFileReference; lastKnownFileType = sourcecode.swift; path = BindingPropertyWrapperScreen.swift; sourceTree = "<group>"; };
		0415C964289125AA00E8A2F6 /* ConditionalStatementsScreen.swift */ = {isa = PBXFileReference; lastKnownFileType = sourcecode.swift; path = ConditionalStatementsScreen.swift; sourceTree = "<group>"; };
		0415C96628913ADF00E8A2F6 /* TernaryOperatorScreen.swift */ = {isa = PBXFileReference; lastKnownFileType = sourcecode.swift; path = TernaryOperatorScreen.swift; sourceTree = "<group>"; };
		0415C968289155F700E8A2F6 /* AnimationScreen.swift */ = {isa = PBXFileReference; lastKnownFileType = sourcecode.swift; path = AnimationScreen.swift; sourceTree = "<group>"; };
		0415C96A28915D1600E8A2F6 /* TransitionScreen.swift */ = {isa = PBXFileReference; lastKnownFileType = sourcecode.swift; path = TransitionScreen.swift; sourceTree = "<group>"; };
		041C7C58284C091000A04897 /* MrBrowny.app */ = {isa = PBXFileReference; explicitFileType = wrapper.application; includeInIndex = 0; path = MrBrowny.app; sourceTree = BUILT_PRODUCTS_DIR; };
		041C7C5B284C091000A04897 /* iosappApp.swift */ = {isa = PBXFileReference; lastKnownFileType = sourcecode.swift; path = iosappApp.swift; sourceTree = "<group>"; };
		041C7C5D284C091000A04897 /* ContentView.swift */ = {isa = PBXFileReference; lastKnownFileType = sourcecode.swift; path = ContentView.swift; sourceTree = "<group>"; };
		041C7C5F284C091200A04897 /* Assets.xcassets */ = {isa = PBXFileReference; lastKnownFileType = folder.assetcatalog; path = Assets.xcassets; sourceTree = "<group>"; };
		041C7C62284C091200A04897 /* Preview Assets.xcassets */ = {isa = PBXFileReference; lastKnownFileType = folder.assetcatalog; path = "Preview Assets.xcassets"; sourceTree = "<group>"; };
		0431B8BA2867BB1000B15ADF /* lazyVGridScreen.swift */ = {isa = PBXFileReference; lastKnownFileType = sourcecode.swift; path = lazyVGridScreen.swift; sourceTree = "<group>"; };
		0431B8BC2867C50700B15ADF /* safeAreaScreen.swift */ = {isa = PBXFileReference; lastKnownFileType = sourcecode.swift; path = safeAreaScreen.swift; sourceTree = "<group>"; };
		0431B8BE2867DE4800B15ADF /* buttonScreen.swift */ = {isa = PBXFileReference; lastKnownFileType = sourcecode.swift; path = buttonScreen.swift; sourceTree = "<group>"; };
		04639E89287DB8EF009447E9 /* StateScreen.swift */ = {isa = PBXFileReference; lastKnownFileType = sourcecode.swift; path = StateScreen.swift; sourceTree = "<group>"; };
		04639E8B287DBCE6009447E9 /* ExtractedFunctionsScreen.swift */ = {isa = PBXFileReference; lastKnownFileType = sourcecode.swift; path = ExtractedFunctionsScreen.swift; sourceTree = "<group>"; };
		046DA439284D399C0012BA05 /* shapesScreen.swift */ = {isa = PBXFileReference; lastKnownFileType = sourcecode.swift; path = shapesScreen.swift; sourceTree = "<group>"; };
		046DA43B284D470D0012BA05 /* colorsScreen.swift */ = {isa = PBXFileReference; lastKnownFileType = sourcecode.swift; path = colorsScreen.swift; sourceTree = "<group>"; };
		046DA43D284D6BB80012BA05 /* GradientScreen.swift */ = {isa = PBXFileReference; lastKnownFileType = sourcecode.swift; path = GradientScreen.swift; sourceTree = "<group>"; };
		046DB9E428574618005F51E6 /* frameScreen.swift */ = {isa = PBXFileReference; lastKnownFileType = sourcecode.swift; path = frameScreen.swift; sourceTree = "<group>"; };
		046DB9E628574A16005F51E6 /* backgroundAndOverlayScreen.swift */ = {isa = PBXFileReference; lastKnownFileType = sourcecode.swift; path = backgroundAndOverlayScreen.swift; sourceTree = "<group>"; };
		046DB9E828588779005F51E6 /* stacksScreen.swift */ = {isa = PBXFileReference; lastKnownFileType = sourcecode.swift; path = stacksScreen.swift; sourceTree = "<group>"; };
		046DB9EA2859D388005F51E6 /* PaddingScreen.swift */ = {isa = PBXFileReference; lastKnownFileType = sourcecode.swift; path = PaddingScreen.swift; sourceTree = "<group>"; };
		046DB9EC2859DB16005F51E6 /* SpacerScreen.swift */ = {isa = PBXFileReference; lastKnownFileType = sourcecode.swift; path = SpacerScreen.swift; sourceTree = "<group>"; };
		046DB9EE2859E35D005F51E6 /* InitializerScreen.swift */ = {isa = PBXFileReference; lastKnownFileType = sourcecode.swift; path = InitializerScreen.swift; sourceTree = "<group>"; };
		04B3C83E2895023200C1D209 /* SheetScreen.swift */ = {isa = PBXFileReference; lastKnownFileType = sourcecode.swift; path = SheetScreen.swift; sourceTree = "<group>"; };
		04B3C84028963D5200C1D209 /* PopoverScreen.swift */ = {isa = PBXFileReference; lastKnownFileType = sourcecode.swift; path = PopoverScreen.swift; sourceTree = "<group>"; };
		04B3C8422896487C00C1D209 /* NavigationScreen.swift */ = {isa = PBXFileReference; lastKnownFileType = sourcecode.swift; path = NavigationScreen.swift; sourceTree = "<group>"; };
		04B3C8442898F18800C1D209 /* ListScreen.swift */ = {isa = PBXFileReference; lastKnownFileType = sourcecode.swift; path = ListScreen.swift; sourceTree = "<group>"; };
		04DF5195286179C10057B313 /* ForEachScreen.swift */ = {isa = PBXFileReference; lastKnownFileType = sourcecode.swift; path = ForEachScreen.swift; sourceTree = "<group>"; };
		04DF519728617E0C0057B313 /* ScrollViewScreen.swift */ = {isa = PBXFileReference; lastKnownFileType = sourcecode.swift; path = ScrollViewScreen.swift; sourceTree = "<group>"; };
/* End PBXFileReference section */

/* Begin PBXFrameworksBuildPhase section */
		041C7C55284C091000A04897 /* Frameworks */ = {
			isa = PBXFrameworksBuildPhase;
			buildActionMask = 2147483647;
			files = (
			);
			runOnlyForDeploymentPostprocessing = 0;
		};
/* End PBXFrameworksBuildPhase section */

/* Begin PBXGroup section */
		041C7C4F284C091000A04897 = {
			isa = PBXGroup;
			children = (
				041C7C5A284C091000A04897 /* iosapp */,
				041C7C59284C091000A04897 /* Products */,
			);
			sourceTree = "<group>";
		};
		041C7C59284C091000A04897 /* Products */ = {
			isa = PBXGroup;
			children = (
				041C7C58284C091000A04897 /* MrBrowny.app */,
			);
			name = Products;
			sourceTree = "<group>";
		};
		041C7C5A284C091000A04897 /* iosapp */ = {
			isa = PBXGroup;
			children = (
				041C7C5B284C091000A04897 /* iosappApp.swift */,
				041C7C5D284C091000A04897 /* ContentView.swift */,
				04143F2E284CDB2600E52124 /* TextScreen.swift */,
				046DA439284D399C0012BA05 /* shapesScreen.swift */,
				046DA43B284D470D0012BA05 /* colorsScreen.swift */,
				046DA43D284D6BB80012BA05 /* GradientScreen.swift */,
				0413F76A28555C1A0042DFA2 /* iconsScreen.swift */,
				0413F76C285563850042DFA2 /* imageScreen.swift */,
				046DB9E428574618005F51E6 /* frameScreen.swift */,
				046DB9E628574A16005F51E6 /* backgroundAndOverlayScreen.swift */,
				046DB9E828588779005F51E6 /* stacksScreen.swift */,
				046DB9EA2859D388005F51E6 /* PaddingScreen.swift */,
				046DB9EC2859DB16005F51E6 /* SpacerScreen.swift */,
				046DB9EE2859E35D005F51E6 /* InitializerScreen.swift */,
				04DF5195286179C10057B313 /* ForEachScreen.swift */,
				04DF519728617E0C0057B313 /* ScrollViewScreen.swift */,
				0431B8BA2867BB1000B15ADF /* lazyVGridScreen.swift */,
				0431B8BC2867C50700B15ADF /* safeAreaScreen.swift */,
				0431B8BE2867DE4800B15ADF /* buttonScreen.swift */,
				04639E89287DB8EF009447E9 /* StateScreen.swift */,
				04639E8B287DBCE6009447E9 /* ExtractedFunctionsScreen.swift */,
				0415C9602890400000E8A2F6 /* ExtractedSubviewScreen.swift */,
				0415C962289044C600E8A2F6 /* BindingPropertyWrapperScreen.swift */,
				0415C964289125AA00E8A2F6 /* ConditionalStatementsScreen.swift */,
				0415C96628913ADF00E8A2F6 /* TernaryOperatorScreen.swift */,
				0415C968289155F700E8A2F6 /* AnimationScreen.swift */,
				0415C96A28915D1600E8A2F6 /* TransitionScreen.swift */,
				04B3C83E2895023200C1D209 /* SheetScreen.swift */,
				04B3C84028963D5200C1D209 /* PopoverScreen.swift */,
				04B3C8422896487C00C1D209 /* NavigationScreen.swift */,
				04B3C8442898F18800C1D209 /* ListScreen.swift */,
				041C7C5F284C091200A04897 /* Assets.xcassets */,
				041C7C61284C091200A04897 /* Preview Content */,
			);
			path = iosapp;
			sourceTree = "<group>";
		};
		041C7C61284C091200A04897 /* Preview Content */ = {
			isa = PBXGroup;
			children = (
				041C7C62284C091200A04897 /* Preview Assets.xcassets */,
			);
			path = "Preview Content";
			sourceTree = "<group>";
		};
/* End PBXGroup section */

/* Begin PBXNativeTarget section */
		041C7C57284C091000A04897 /* iosapp */ = {
			isa = PBXNativeTarget;
			buildConfigurationList = 041C7C66284C091200A04897 /* Build configuration list for PBXNativeTarget "iosapp" */;
			buildPhases = (
				041C7C54284C091000A04897 /* Sources */,
				041C7C55284C091000A04897 /* Frameworks */,
				041C7C56284C091000A04897 /* Resources */,
			);
			buildRules = (
			);
			dependencies = (
			);
			name = iosapp;
			productName = iosapp;
			productReference = 041C7C58284C091000A04897 /* MrBrowny.app */;
			productType = "com.apple.product-type.application";
		};
/* End PBXNativeTarget section */

/* Begin PBXProject section */
		041C7C50284C091000A04897 /* Project object */ = {
			isa = PBXProject;
			attributes = {
				BuildIndependentTargetsInParallel = 1;
				LastSwiftUpdateCheck = 1330;
				LastUpgradeCheck = 1330;
				TargetAttributes = {
					041C7C57284C091000A04897 = {
						CreatedOnToolsVersion = 13.3;
					};
				};
			};
			buildConfigurationList = 041C7C53284C091000A04897 /* Build configuration list for PBXProject "iosapp" */;
			compatibilityVersion = "Xcode 13.0";
			developmentRegion = en;
			hasScannedForEncodings = 0;
			knownRegions = (
				en,
				Base,
			);
			mainGroup = 041C7C4F284C091000A04897;
			productRefGroup = 041C7C59284C091000A04897 /* Products */;
			projectDirPath = "";
			projectRoot = "";
			targets = (
				041C7C57284C091000A04897 /* iosapp */,
			);
		};
/* End PBXProject section */

/* Begin PBXResourcesBuildPhase section */
		041C7C56284C091000A04897 /* Resources */ = {
			isa = PBXResourcesBuildPhase;
			buildActionMask = 2147483647;
			files = (
				041C7C63284C091200A04897 /* Preview Assets.xcassets in Resources */,
				041C7C60284C091200A04897 /* Assets.xcassets in Resources */,
			);
			runOnlyForDeploymentPostprocessing = 0;
		};
/* End PBXResourcesBuildPhase section */

/* Begin PBXSourcesBuildPhase section */
		041C7C54284C091000A04897 /* Sources */ = {
			isa = PBXSourcesBuildPhase;
			buildActionMask = 2147483647;
			files = (
				04B3C84128963D5200C1D209 /* PopoverScreen.swift in Sources */,
				0415C965289125AA00E8A2F6 /* ConditionalStatementsScreen.swift in Sources */,
				0431B8BF2867DE4800B15ADF /* buttonScreen.swift in Sources */,
				04B3C8432896487C00C1D209 /* NavigationScreen.swift in Sources */,
				04639E8C287DBCE6009447E9 /* ExtractedFunctionsScreen.swift in Sources */,
				04B3C8452898F18800C1D209 /* ListScreen.swift in Sources */,
				04639E8A287DB8EF009447E9 /* StateScreen.swift in Sources */,
				046DA43C284D470D0012BA05 /* colorsScreen.swift in Sources */,
				046DB9EB2859D388005F51E6 /* PaddingScreen.swift in Sources */,
				046DA43E284D6BB80012BA05 /* GradientScreen.swift in Sources */,
				0415C96728913ADF00E8A2F6 /* TernaryOperatorScreen.swift in Sources */,
				0431B8BD2867C50700B15ADF /* safeAreaScreen.swift in Sources */,
				046DB9E728574A16005F51E6 /* backgroundAndOverlayScreen.swift in Sources */,
				0413F76B28555C1A0042DFA2 /* iconsScreen.swift in Sources */,
				046DB9E928588779005F51E6 /* stacksScreen.swift in Sources */,
				046DB9E528574618005F51E6 /* frameScreen.swift in Sources */,
				04DF5196286179C20057B313 /* ForEachScreen.swift in Sources */,
				046DB9ED2859DB16005F51E6 /* SpacerScreen.swift in Sources */,
				041C7C5E284C091000A04897 /* ContentView.swift in Sources */,
				046DA43A284D399C0012BA05 /* shapesScreen.swift in Sources */,
				04B3C83F2895023200C1D209 /* SheetScreen.swift in Sources */,
				04DF519828617E0C0057B313 /* ScrollViewScreen.swift in Sources */,
				0415C969289155F700E8A2F6 /* AnimationScreen.swift in Sources */,
				0415C96B28915D1600E8A2F6 /* TransitionScreen.swift in Sources */,
				0415C9612890400000E8A2F6 /* ExtractedSubviewScreen.swift in Sources */,
				0415C963289044C600E8A2F6 /* BindingPropertyWrapperScreen.swift in Sources */,
				0431B8BB2867BB1000B15ADF /* lazyVGridScreen.swift in Sources */,
				04143F2F284CDB2600E52124 /* TextScreen.swift in Sources */,
				041C7C5C284C091000A04897 /* iosappApp.swift in Sources */,
				046DB9EF2859E35D005F51E6 /* InitializerScreen.swift in Sources */,
				0413F76D285563850042DFA2 /* imageScreen.swift in Sources */,
			);
			runOnlyForDeploymentPostprocessing = 0;
		};
/* End PBXSourcesBuildPhase section */

/* Begin XCBuildConfiguration section */
		041C7C64284C091200A04897 /* Debug */ = {
			isa = XCBuildConfiguration;
			buildSettings = {
				ALWAYS_SEARCH_USER_PATHS = NO;
				CLANG_ANALYZER_NONNULL = YES;
				CLANG_ANALYZER_NUMBER_OBJECT_CONVERSION = YES_AGGRESSIVE;
				CLANG_CXX_LANGUAGE_STANDARD = "gnu++17";
				CLANG_ENABLE_MODULES = YES;
				CLANG_ENABLE_OBJC_ARC = YES;
				CLANG_ENABLE_OBJC_WEAK = YES;
				CLANG_WARN_BLOCK_CAPTURE_AUTORELEASING = YES;
				CLANG_WARN_BOOL_CONVERSION = YES;
				CLANG_WARN_COMMA = YES;
				CLANG_WARN_CONSTANT_CONVERSION = YES;
				CLANG_WARN_DEPRECATED_OBJC_IMPLEMENTATIONS = YES;
				CLANG_WARN_DIRECT_OBJC_ISA_USAGE = YES_ERROR;
				CLANG_WARN_DOCUMENTATION_COMMENTS = YES;
				CLANG_WARN_EMPTY_BODY = YES;
				CLANG_WARN_ENUM_CONVERSION = YES;
				CLANG_WARN_INFINITE_RECURSION = YES;
				CLANG_WARN_INT_CONVERSION = YES;
				CLANG_WARN_NON_LITERAL_NULL_CONVERSION = YES;
				CLANG_WARN_OBJC_IMPLICIT_RETAIN_SELF = YES;
				CLANG_WARN_OBJC_LITERAL_CONVERSION = YES;
				CLANG_WARN_OBJC_ROOT_CLASS = YES_ERROR;
				CLANG_WARN_QUOTED_INCLUDE_IN_FRAMEWORK_HEADER = YES;
				CLANG_WARN_RANGE_LOOP_ANALYSIS = YES;
				CLANG_WARN_STRICT_PROTOTYPES = YES;
				CLANG_WARN_SUSPICIOUS_MOVE = YES;
				CLANG_WARN_UNGUARDED_AVAILABILITY = YES_AGGRESSIVE;
				CLANG_WARN_UNREACHABLE_CODE = YES;
				CLANG_WARN__DUPLICATE_METHOD_MATCH = YES;
				COPY_PHASE_STRIP = NO;
				DEBUG_INFORMATION_FORMAT = dwarf;
				ENABLE_STRICT_OBJC_MSGSEND = YES;
				ENABLE_TESTABILITY = YES;
				GCC_C_LANGUAGE_STANDARD = gnu11;
				GCC_DYNAMIC_NO_PIC = NO;
				GCC_NO_COMMON_BLOCKS = YES;
				GCC_OPTIMIZATION_LEVEL = 0;
				GCC_PREPROCESSOR_DEFINITIONS = (
					"DEBUG=1",
					"$(inherited)",
				);
				GCC_WARN_64_TO_32_BIT_CONVERSION = YES;
				GCC_WARN_ABOUT_RETURN_TYPE = YES_ERROR;
				GCC_WARN_UNDECLARED_SELECTOR = YES;
				GCC_WARN_UNINITIALIZED_AUTOS = YES_AGGRESSIVE;
				GCC_WARN_UNUSED_FUNCTION = YES;
				GCC_WARN_UNUSED_VARIABLE = YES;
				IPHONEOS_DEPLOYMENT_TARGET = 15.4;
				MTL_ENABLE_DEBUG_INFO = INCLUDE_SOURCE;
				MTL_FAST_MATH = YES;
				ONLY_ACTIVE_ARCH = YES;
				SDKROOT = iphoneos;
				SWIFT_ACTIVE_COMPILATION_CONDITIONS = DEBUG;
				SWIFT_OPTIMIZATION_LEVEL = "-Onone";
			};
			name = Debug;
		};
		041C7C65284C091200A04897 /* Release */ = {
			isa = XCBuildConfiguration;
			buildSettings = {
				ALWAYS_SEARCH_USER_PATHS = NO;
				CLANG_ANALYZER_NONNULL = YES;
				CLANG_ANALYZER_NUMBER_OBJECT_CONVERSION = YES_AGGRESSIVE;
				CLANG_CXX_LANGUAGE_STANDARD = "gnu++17";
				CLANG_ENABLE_MODULES = YES;
				CLANG_ENABLE_OBJC_ARC = YES;
				CLANG_ENABLE_OBJC_WEAK = YES;
				CLANG_WARN_BLOCK_CAPTURE_AUTORELEASING = YES;
				CLANG_WARN_BOOL_CONVERSION = YES;
				CLANG_WARN_COMMA = YES;
				CLANG_WARN_CONSTANT_CONVERSION = YES;
				CLANG_WARN_DEPRECATED_OBJC_IMPLEMENTATIONS = YES;
				CLANG_WARN_DIRECT_OBJC_ISA_USAGE = YES_ERROR;
				CLANG_WARN_DOCUMENTATION_COMMENTS = YES;
				CLANG_WARN_EMPTY_BODY = YES;
				CLANG_WARN_ENUM_CONVERSION = YES;
				CLANG_WARN_INFINITE_RECURSION = YES;
				CLANG_WARN_INT_CONVERSION = YES;
				CLANG_WARN_NON_LITERAL_NULL_CONVERSION = YES;
				CLANG_WARN_OBJC_IMPLICIT_RETAIN_SELF = YES;
				CLANG_WARN_OBJC_LITERAL_CONVERSION = YES;
				CLANG_WARN_OBJC_ROOT_CLASS = YES_ERROR;
				CLANG_WARN_QUOTED_INCLUDE_IN_FRAMEWORK_HEADER = YES;
				CLANG_WARN_RANGE_LOOP_ANALYSIS = YES;
				CLANG_WARN_STRICT_PROTOTYPES = YES;
				CLANG_WARN_SUSPICIOUS_MOVE = YES;
				CLANG_WARN_UNGUARDED_AVAILABILITY = YES_AGGRESSIVE;
				CLANG_WARN_UNREACHABLE_CODE = YES;
				CLANG_WARN__DUPLICATE_METHOD_MATCH = YES;
				COPY_PHASE_STRIP = NO;
				DEBUG_INFORMATION_FORMAT = "dwarf-with-dsym";
				ENABLE_NS_ASSERTIONS = NO;
				ENABLE_STRICT_OBJC_MSGSEND = YES;
				GCC_C_LANGUAGE_STANDARD = gnu11;
				GCC_NO_COMMON_BLOCKS = YES;
				GCC_WARN_64_TO_32_BIT_CONVERSION = YES;
				GCC_WARN_ABOUT_RETURN_TYPE = YES_ERROR;
				GCC_WARN_UNDECLARED_SELECTOR = YES;
				GCC_WARN_UNINITIALIZED_AUTOS = YES_AGGRESSIVE;
				GCC_WARN_UNUSED_FUNCTION = YES;
				GCC_WARN_UNUSED_VARIABLE = YES;
				IPHONEOS_DEPLOYMENT_TARGET = 15.4;
				MTL_ENABLE_DEBUG_INFO = NO;
				MTL_FAST_MATH = YES;
				SDKROOT = iphoneos;
				SWIFT_COMPILATION_MODE = wholemodule;
				SWIFT_OPTIMIZATION_LEVEL = "-O";
				VALIDATE_PRODUCT = YES;
			};
			name = Release;
		};
		041C7C67284C091200A04897 /* Debug */ = {
			isa = XCBuildConfiguration;
			buildSettings = {
				ASSETCATALOG_COMPILER_APPICON_NAME = AppIcon;
				ASSETCATALOG_COMPILER_GLOBAL_ACCENT_COLOR_NAME = AccentColor;
				CODE_SIGN_STYLE = Automatic;
				CURRENT_PROJECT_VERSION = 1;
				DEVELOPMENT_ASSET_PATHS = "\"iosapp/Preview Content\"";
				DEVELOPMENT_TEAM = 3X952GP295;
				ENABLE_PREVIEWS = YES;
				GENERATE_INFOPLIST_FILE = YES;
				INFOPLIST_KEY_UIApplicationSceneManifest_Generation = YES;
				INFOPLIST_KEY_UIApplicationSupportsIndirectInputEvents = YES;
				INFOPLIST_KEY_UILaunchScreen_Generation = YES;
				INFOPLIST_KEY_UISupportedInterfaceOrientations = "UIInterfaceOrientationPortrait UIInterfaceOrientationPortraitUpsideDown";
				INFOPLIST_KEY_UISupportedInterfaceOrientations_iPad = "UIInterfaceOrientationPortrait UIInterfaceOrientationPortraitUpsideDown UIInterfaceOrientationLandscapeLeft UIInterfaceOrientationLandscapeRight";
				INFOPLIST_KEY_UISupportedInterfaceOrientations_iPhone = "UIInterfaceOrientationPortrait UIInterfaceOrientationLandscapeLeft UIInterfaceOrientationLandscapeRight";
				LD_RUNPATH_SEARCH_PATHS = (
					"$(inherited)",
					"@executable_path/Frameworks",
				);
				MARKETING_VERSION = 1.0;
				PRODUCT_BUNDLE_IDENTIFIER = com.gikwegbu.netlify.app.iosapp;
				PRODUCT_NAME = MrBrowny;
				SWIFT_EMIT_LOC_STRINGS = YES;
				SWIFT_VERSION = 5.0;
				TARGETED_DEVICE_FAMILY = "1,2";
			};
			name = Debug;
		};
		041C7C68284C091200A04897 /* Release */ = {
			isa = XCBuildConfiguration;
			buildSettings = {
				ASSETCATALOG_COMPILER_APPICON_NAME = AppIcon;
				ASSETCATALOG_COMPILER_GLOBAL_ACCENT_COLOR_NAME = AccentColor;
				CODE_SIGN_STYLE = Automatic;
				CURRENT_PROJECT_VERSION = 1;
				DEVELOPMENT_ASSET_PATHS = "\"iosapp/Preview Content\"";
				DEVELOPMENT_TEAM = 3X952GP295;
				ENABLE_PREVIEWS = YES;
				GENERATE_INFOPLIST_FILE = YES;
				INFOPLIST_KEY_UIApplicationSceneManifest_Generation = YES;
				INFOPLIST_KEY_UIApplicationSupportsIndirectInputEvents = YES;
				INFOPLIST_KEY_UILaunchScreen_Generation = YES;
				INFOPLIST_KEY_UISupportedInterfaceOrientations = "UIInterfaceOrientationPortrait UIInterfaceOrientationPortraitUpsideDown";
				INFOPLIST_KEY_UISupportedInterfaceOrientations_iPad = "UIInterfaceOrientationPortrait UIInterfaceOrientationPortraitUpsideDown UIInterfaceOrientationLandscapeLeft UIInterfaceOrientationLandscapeRight";
				INFOPLIST_KEY_UISupportedInterfaceOrientations_iPhone = "UIInterfaceOrientationPortrait UIInterfaceOrientationLandscapeLeft UIInterfaceOrientationLandscapeRight";
				LD_RUNPATH_SEARCH_PATHS = (
					"$(inherited)",
					"@executable_path/Frameworks",
				);
				MARKETING_VERSION = 1.0;
				PRODUCT_BUNDLE_IDENTIFIER = com.gikwegbu.netlify.app.iosapp;
				PRODUCT_NAME = MrBrowny;
				SWIFT_EMIT_LOC_STRINGS = YES;
				SWIFT_VERSION = 5.0;
				TARGETED_DEVICE_FAMILY = "1,2";
			};
			name = Release;
		};
/* End XCBuildConfiguration section */

/* Begin XCConfigurationList section */
		041C7C53284C091000A04897 /* Build configuration list for PBXProject "iosapp" */ = {
			isa = XCConfigurationList;
			buildConfigurations = (
				041C7C64284C091200A04897 /* Debug */,
				041C7C65284C091200A04897 /* Release */,
			);
			defaultConfigurationIsVisible = 0;
			defaultConfigurationName = Release;
		};
		041C7C66284C091200A04897 /* Build configuration list for PBXNativeTarget "iosapp" */ = {
			isa = XCConfigurationList;
			buildConfigurations = (
				041C7C67284C091200A04897 /* Debug */,
				041C7C68284C091200A04897 /* Release */,
			);
			defaultConfigurationIsVisible = 0;
			defaultConfigurationName = Release;
		};
/* End XCConfigurationList section */
	};
	rootObject = 041C7C50284C091000A04897 /* Project object */;
}
